  apps/finance-frt/base:
    dependencies:
      react:
        specifier: ^18.2.0
        version: 18.3.1
      typescript:
        specifier: 5.8.3
        version: 5.8.3
    devDependencies:
      '@types/gulp':
        specifier: 4.0.9
        version: 4.0.9
      '@types/node':
        specifier: 20.12.12
        version: 20.12.12
      '@types/react':
        specifier: ^18.0.0
        version: 18.3.23
      eslint:
        specifier: ^8.56.0
        version: 8.57.1
      gulp:
        specifier: ^4.0.2
        version: 4.0.2
      rimraf:
        specifier: ^5.0.5
        version: 5.0.10

  apps/finance-srv/base:
    dependencies:
      '@supabase/supabase-js':
        specifier: ^2.39.0
        version: 2.50.2(bufferutil@4.0.9)(utf-8-validate@6.0.5)
      express:
        specifier: ^4.18.2
        version: 4.21.2
      typeorm:
        specifier: 0.3.6
        version: 0.3.6(mongodb@3.7.4)(mysql2@3.11.3)(pg@8.11.1)(redis@4.7.1)(sqlite3@5.1.6(encoding@0.1.13))(ts-node@10.9.2(@swc/core@1.12.9(@swc/helpers@0.5.17))(@types/node@20.12.12)(typescript@5.8.3))
      typescript:
        specifier: 5.8.3
        version: 5.8.3
    devDependencies:
      '@types/express':
        specifier: ^4.17.21
        version: 4.17.23
      '@types/node':
        specifier: 20.12.12
        version: 20.12.12
      eslint:
        specifier: ^8.56.0
        version: 8.57.1
      rimraf:
        specifier: ^5.0.5
        version: 5.0.10

        version: 3.25.76
        version: 4.82.0(encoding@0.1.13)(ws@8.18.3(bufferutil@4.0.9)(utf-8-validate@6.0.5))(zod@3.25.76)
        version: 3.25.76
        version: 3.25.76
        version: 2.0.0(@langchain/core@0.3.37(@opentelemetry/api@1.9.0)(@opentelemetry/exporter-trace-otlp-proto@0.54.2(@opentelemetry/api@1.9.0))(@opentelemetry/sdk-trace-base@1.30.1(@opentelemetry/api@1.9.0))(openai@4.82.0(encoding@0.1.13)(ws@8.18.3(bufferutil@4.0.9)(utf-8-validate@6.0.5))(zod@3.25.76)))
        version: 1.0.12(@langchain/core@0.3.37(@opentelemetry/api@1.9.0)(@opentelemetry/exporter-trace-otlp-proto@0.54.2(@opentelemetry/api@1.9.0))(@opentelemetry/sdk-trace-base@1.30.1(@opentelemetry/api@1.9.0))(openai@4.82.0(encoding@0.1.13)(ws@8.18.3(bufferutil@4.0.9)(utf-8-validate@6.0.5))(zod@3.25.76)))(encoding@0.1.13)(langchain@0.3.29(58851d82f714b18fcf14d26165c2c82a))
        version: 0.3.14(@langchain/core@0.3.37(@opentelemetry/api@1.9.0)(@opentelemetry/exporter-trace-otlp-proto@0.54.2(@opentelemetry/api@1.9.0))(@opentelemetry/sdk-trace-base@1.30.1(@opentelemetry/api@1.9.0))(openai@4.82.0(encoding@0.1.13)(ws@8.18.3(bufferutil@4.0.9)(utf-8-validate@6.0.5))(zod@3.25.76)))(encoding@0.1.13)
        version: 0.1.4(@langchain/core@0.3.37(@opentelemetry/api@1.9.0)(@opentelemetry/exporter-trace-otlp-proto@0.54.2(@opentelemetry/api@1.9.0))(@opentelemetry/sdk-trace-base@1.30.1(@opentelemetry/api@1.9.0))(openai@4.82.0(encoding@0.1.13)(ws@8.18.3(bufferutil@4.0.9)(utf-8-validate@6.0.5))(zod@3.25.76)))
        version: 0.1.0(@babel/core@7.27.7)(@langchain/core@0.3.37(@opentelemetry/api@1.9.0)(@opentelemetry/exporter-trace-otlp-proto@0.54.2(@opentelemetry/api@1.9.0))(@opentelemetry/sdk-trace-base@1.30.1(@opentelemetry/api@1.9.0))(openai@4.82.0(encoding@0.1.13)(ws@8.18.3(bufferutil@4.0.9)(utf-8-validate@6.0.5))(zod@3.25.76)))(encoding@0.1.13)(ws@8.18.3(bufferutil@4.0.9)(utf-8-validate@6.0.5))
        version: 0.0.7(@opentelemetry/api@1.9.0)(@opentelemetry/exporter-trace-otlp-proto@0.54.2(@opentelemetry/api@1.9.0))(@opentelemetry/sdk-trace-base@1.30.1(@opentelemetry/api@1.9.0))(encoding@0.1.13)(openai@4.82.0(encoding@0.1.13)(ws@8.18.3(bufferutil@4.0.9)(utf-8-validate@6.0.5))(zod@3.25.76))
        version: 0.3.47(cffc67bd60c05f33a64ed0668399dbe0)
        version: 0.3.37(@opentelemetry/api@1.9.0)(@opentelemetry/exporter-trace-otlp-proto@0.54.2(@opentelemetry/api@1.9.0))(@opentelemetry/sdk-trace-base@1.30.1(@opentelemetry/api@1.9.0))(openai@4.82.0(encoding@0.1.13)(ws@8.18.3(bufferutil@4.0.9)(utf-8-validate@6.0.5))(zod@3.25.76))
        version: 0.0.5(@opentelemetry/api@1.9.0)(@opentelemetry/exporter-trace-otlp-proto@0.54.2(@opentelemetry/api@1.9.0))(@opentelemetry/sdk-trace-base@1.30.1(@opentelemetry/api@1.9.0))(encoding@0.1.13)(openai@4.82.0(encoding@0.1.13)(ws@8.18.3(bufferutil@4.0.9)(utf-8-validate@6.0.5))(zod@3.25.76))(ws@8.18.3(bufferutil@4.0.9)(utf-8-validate@6.0.5))(zod@3.25.76)
        version: 0.2.3(@langchain/core@0.3.37(@opentelemetry/api@1.9.0)(@opentelemetry/exporter-trace-otlp-proto@0.54.2(@opentelemetry/api@1.9.0))(@opentelemetry/sdk-trace-base@1.30.1(@opentelemetry/api@1.9.0))(openai@4.82.0(encoding@0.1.13)(ws@8.18.3(bufferutil@4.0.9)(utf-8-validate@6.0.5))(zod@3.25.76)))(zod@3.25.76)
        version: 0.2.14(@langchain/core@0.3.37(@opentelemetry/api@1.9.0)(@opentelemetry/exporter-trace-otlp-proto@0.54.2(@opentelemetry/api@1.9.0))(@opentelemetry/sdk-trace-base@1.30.1(@opentelemetry/api@1.9.0))(openai@4.82.0(encoding@0.1.13)(ws@8.18.3(bufferutil@4.0.9)(utf-8-validate@6.0.5))(zod@3.25.76)))
        version: 0.1.2(@langchain/core@0.3.37(@opentelemetry/api@1.9.0)(@opentelemetry/exporter-trace-otlp-proto@0.54.2(@opentelemetry/api@1.9.0))(@opentelemetry/sdk-trace-base@1.30.1(@opentelemetry/api@1.9.0))(openai@4.82.0(encoding@0.1.13)(ws@8.18.3(bufferutil@4.0.9)(utf-8-validate@6.0.5))(zod@3.25.76)))(encoding@0.1.13)(ws@8.18.3(bufferutil@4.0.9)(utf-8-validate@6.0.5))
        version: 0.0.22(@opentelemetry/api@1.9.0)(@opentelemetry/exporter-trace-otlp-proto@0.54.2(@opentelemetry/api@1.9.0))(@opentelemetry/sdk-trace-base@1.30.1(@opentelemetry/api@1.9.0))(openai@4.82.0(encoding@0.1.13)(ws@8.18.3(bufferutil@4.0.9)(utf-8-validate@6.0.5))(zod@3.25.76))
        version: 0.2.1(@langchain/core@0.3.37(@opentelemetry/api@1.9.0)(@opentelemetry/exporter-trace-otlp-proto@0.54.2(@opentelemetry/api@1.9.0))(@opentelemetry/sdk-trace-base@1.30.1(@opentelemetry/api@1.9.0))(openai@4.82.0(encoding@0.1.13)(ws@8.18.3(bufferutil@4.0.9)(utf-8-validate@6.0.5))(zod@3.25.76)))(zod@3.25.76)
        version: 0.0.1(@opentelemetry/api@1.9.0)(@opentelemetry/exporter-trace-otlp-proto@0.54.2(@opentelemetry/api@1.9.0))(@opentelemetry/sdk-trace-base@1.30.1(@opentelemetry/api@1.9.0))(openai@4.82.0(encoding@0.1.13)(ws@8.18.3(bufferutil@4.0.9)(utf-8-validate@6.0.5))(zod@3.25.76))(socks@2.8.5)
        version: 0.2.0(@langchain/core@0.3.37(@opentelemetry/api@1.9.0)(@opentelemetry/exporter-trace-otlp-proto@0.54.2(@opentelemetry/api@1.9.0))(@opentelemetry/sdk-trace-base@1.30.1(@opentelemetry/api@1.9.0))(openai@4.82.0(encoding@0.1.13)(ws@8.18.3(bufferutil@4.0.9)(utf-8-validate@6.0.5))(zod@3.25.76)))
        version: 0.4.4(@langchain/core@0.3.37(@opentelemetry/api@1.9.0)(@opentelemetry/exporter-trace-otlp-proto@0.54.2(@opentelemetry/api@1.9.0))(@opentelemetry/sdk-trace-base@1.30.1(@opentelemetry/api@1.9.0))(openai@4.82.0(encoding@0.1.13)(ws@8.18.3(bufferutil@4.0.9)(utf-8-validate@6.0.5))(zod@3.25.76)))(encoding@0.1.13)(ws@8.18.3(bufferutil@4.0.9)(utf-8-validate@6.0.5))
        version: 0.1.3(@langchain/core@0.3.37(@opentelemetry/api@1.9.0)(@opentelemetry/exporter-trace-otlp-proto@0.54.2(@opentelemetry/api@1.9.0))(@opentelemetry/sdk-trace-base@1.30.1(@opentelemetry/api@1.9.0))(openai@4.82.0(encoding@0.1.13)(ws@8.18.3(bufferutil@4.0.9)(utf-8-validate@6.0.5))(zod@3.25.76)))
        version: 0.0.5(@opentelemetry/api@1.9.0)(@opentelemetry/exporter-trace-otlp-proto@0.54.2(@opentelemetry/api@1.9.0))(@opentelemetry/sdk-trace-base@1.30.1(@opentelemetry/api@1.9.0))(openai@4.82.0(encoding@0.1.13)(ws@8.18.3(bufferutil@4.0.9)(utf-8-validate@6.0.5))(zod@3.25.76))(typescript@5.8.3)
        version: 0.0.1(@opentelemetry/api@1.9.0)(@opentelemetry/exporter-trace-otlp-proto@0.54.2(@opentelemetry/api@1.9.0))(@opentelemetry/sdk-trace-base@1.30.1(@opentelemetry/api@1.9.0))(encoding@0.1.13)(graphql@16.11.0)(openai@4.82.0(encoding@0.1.13)(ws@8.18.3(bufferutil@4.0.9)(utf-8-validate@6.0.5))(zod@3.25.76))
        version: 0.0.1(@langchain/core@0.3.37(@opentelemetry/api@1.9.0)(@opentelemetry/exporter-trace-otlp-proto@0.54.2(@opentelemetry/api@1.9.0))(@opentelemetry/sdk-trace-base@1.30.1(@opentelemetry/api@1.9.0))(openai@4.82.0(encoding@0.1.13)(ws@8.18.3(bufferutil@4.0.9)(utf-8-validate@6.0.5))(zod@3.25.76)))(encoding@0.1.13)(ws@8.18.3(bufferutil@4.0.9)(utf-8-validate@6.0.5))
        version: 0.0.1(81229136404fbb64b50e77c61e9f49e6)
        version: 0.1.21(@langchain/core@0.3.37(@opentelemetry/api@1.9.0)(@opentelemetry/exporter-trace-otlp-proto@0.54.2(@opentelemetry/api@1.9.0))(@opentelemetry/sdk-trace-base@1.30.1(@opentelemetry/api@1.9.0))(openai@4.82.0(encoding@0.1.13)(ws@8.18.3(bufferutil@4.0.9)(utf-8-validate@6.0.5))(zod@3.25.76)))(ai@4.3.16(react@18.3.1)(zod@3.25.76))
        version: 1.10.5(@google/generative-ai@0.24.1)(cohere-ai@7.10.0(encoding@0.1.13))(encoding@0.1.13)(ollama@0.5.16)(openai@4.82.0(encoding@0.1.13)(ws@8.18.3(bufferutil@4.0.9)(utf-8-validate@6.0.5))(zod@3.25.76))
        version: 1.8.18(encoding@0.1.13)(ws@8.18.3(bufferutil@4.0.9)(utf-8-validate@6.0.5))(zod@3.25.76)
        version: 4.0.4
        version: 5.7.0
        version: 0.3.29(58851d82f714b18fcf14d26165c2c82a)
        version: 3.37.6(langchain@0.3.29(58851d82f714b18fcf14d26165c2c82a))
        version: 0.3.17(@notionhq/client@2.3.0(encoding@0.1.13))(bufferutil@4.0.9)(encoding@0.1.13)(node-fetch@2.7.0(encoding@0.1.13))(socks@2.8.5)(typescript@5.8.3)(utf-8-validate@6.0.5)(ws@8.18.3(bufferutil@4.0.9)(utf-8-validate@6.0.5))(zod@3.25.76)
        version: 0.7.15(openai@4.82.0(encoding@0.1.13)(ws@8.18.3(bufferutil@4.0.9)(utf-8-validate@6.0.5))(zod@3.25.76))(react@18.3.1)
        version: 4.82.0(encoding@0.1.13)(ws@8.18.3(bufferutil@4.0.9)(utf-8-validate@6.0.5))(zod@3.25.76)
        version: 0.3.6(ioredis@5.7.0)(mongodb@6.3.0(socks@2.8.5))(mysql2@3.11.3)(pg@8.11.1)(redis@4.7.1)(sqlite3@5.1.6(encoding@0.1.13))(ts-node@10.9.2(@swc/core@1.12.9(@swc/helpers@0.5.17))(@types/node@20.12.12)(typescript@5.8.3))
        version: 3.25.76
        version: 3.24.6(zod@3.25.76)
        version: 6.38.1
        version: 4.23.14(@codemirror/language@6.11.2)(@codemirror/state@6.5.2)(@codemirror/view@6.38.1)
        version: 4.23.14(@codemirror/language@6.11.2)(@codemirror/state@6.5.2)(@codemirror/view@6.38.1)
        version: 4.23.14(@babel/runtime@7.27.6)(@codemirror/autocomplete@6.18.6)(@codemirror/language@6.11.2)(@codemirror/lint@6.8.5)(@codemirror/search@6.5.11)(@codemirror/state@6.5.2)(@codemirror/theme-one-dark@6.1.3)(@codemirror/view@6.38.1)(codemirror@6.0.2)(react-dom@18.3.1(react@18.3.1))(react@18.3.1)
    deprecated: Package no longer supported. Contact Support at https://www.npmjs.com/support for more info.
  '@ai-sdk/provider-utils@2.2.8(zod@3.25.76)':
      zod: 3.25.76
  '@ai-sdk/react@1.2.12(react@18.3.1)(zod@3.25.76)':
      '@ai-sdk/provider-utils': 2.2.8(zod@3.25.76)
      '@ai-sdk/ui-utils': 1.2.11(zod@3.25.76)
      zod: 3.25.76
  '@ai-sdk/ui-utils@1.2.11(zod@3.25.76)':
      '@ai-sdk/provider-utils': 2.2.8(zod@3.25.76)
      zod: 3.25.76
      zod-to-json-schema: 3.24.6(zod@3.25.76)
  '@arizeai/openinference-instrumentation-langchain@2.0.0(@langchain/core@0.3.37(@opentelemetry/api@1.9.0)(@opentelemetry/exporter-trace-otlp-proto@0.54.2(@opentelemetry/api@1.9.0))(@opentelemetry/sdk-trace-base@1.30.1(@opentelemetry/api@1.9.0))(openai@4.82.0(encoding@0.1.13)(ws@8.18.3(bufferutil@4.0.9)(utf-8-validate@6.0.5))(zod@3.25.76)))':
      '@langchain/core': 0.3.37(@opentelemetry/api@1.9.0)(@opentelemetry/exporter-trace-otlp-proto@0.54.2(@opentelemetry/api@1.9.0))(@opentelemetry/sdk-trace-base@1.30.1(@opentelemetry/api@1.9.0))(openai@4.82.0(encoding@0.1.13)(ws@8.18.3(bufferutil@4.0.9)(utf-8-validate@6.0.5))(zod@3.25.76))
  '@browserbasehq/stagehand@1.14.0(@playwright/test@1.53.2)(bufferutil@4.0.9)(deepmerge@4.3.1)(dotenv@16.6.1)(encoding@0.1.13)(openai@4.82.0(encoding@0.1.13)(ws@8.18.3(bufferutil@4.0.9)(utf-8-validate@6.0.5))(zod@3.25.76))(utf-8-validate@6.0.5)(zod@3.25.76)':
      openai: 4.82.0(encoding@0.1.13)(ws@8.18.3(bufferutil@4.0.9)(utf-8-validate@6.0.5))(zod@3.25.76)
      zod: 3.25.76
      zod-to-json-schema: 3.24.6(zod@3.25.76)
      '@codemirror/view': 6.38.1
      '@codemirror/view': 6.38.1
      '@codemirror/view': 6.38.1
      '@codemirror/view': 6.38.1
      '@codemirror/view': 6.38.1
      form-data: 4.0.4
  '@getzep/zep-cloud@1.0.12(@langchain/core@0.3.37(@opentelemetry/api@1.9.0)(@opentelemetry/exporter-trace-otlp-proto@0.54.2(@opentelemetry/api@1.9.0))(@opentelemetry/sdk-trace-base@1.30.1(@opentelemetry/api@1.9.0))(openai@4.82.0(encoding@0.1.13)(ws@8.18.3(bufferutil@4.0.9)(utf-8-validate@6.0.5))(zod@3.25.76)))(encoding@0.1.13)(langchain@0.3.29(58851d82f714b18fcf14d26165c2c82a))':
      zod: 3.25.76
      '@langchain/core': 0.3.37(@opentelemetry/api@1.9.0)(@opentelemetry/exporter-trace-otlp-proto@0.54.2(@opentelemetry/api@1.9.0))(@opentelemetry/sdk-trace-base@1.30.1(@opentelemetry/api@1.9.0))(openai@4.82.0(encoding@0.1.13)(ws@8.18.3(bufferutil@4.0.9)(utf-8-validate@6.0.5))(zod@3.25.76))
      langchain: 0.3.29(58851d82f714b18fcf14d26165c2c82a)
  '@langchain/anthropic@0.3.14(@langchain/core@0.3.37(@opentelemetry/api@1.9.0)(@opentelemetry/exporter-trace-otlp-proto@0.54.2(@opentelemetry/api@1.9.0))(@opentelemetry/sdk-trace-base@1.30.1(@opentelemetry/api@1.9.0))(openai@4.82.0(encoding@0.1.13)(ws@8.18.3(bufferutil@4.0.9)(utf-8-validate@6.0.5))(zod@3.25.76)))(encoding@0.1.13)':
      '@langchain/core': 0.3.37(@opentelemetry/api@1.9.0)(@opentelemetry/exporter-trace-otlp-proto@0.54.2(@opentelemetry/api@1.9.0))(@opentelemetry/sdk-trace-base@1.30.1(@opentelemetry/api@1.9.0))(openai@4.82.0(encoding@0.1.13)(ws@8.18.3(bufferutil@4.0.9)(utf-8-validate@6.0.5))(zod@3.25.76))
      zod: 3.25.76
      zod-to-json-schema: 3.24.6(zod@3.25.76)
  '@langchain/aws@0.1.4(@langchain/core@0.3.37(@opentelemetry/api@1.9.0)(@opentelemetry/exporter-trace-otlp-proto@0.54.2(@opentelemetry/api@1.9.0))(@opentelemetry/sdk-trace-base@1.30.1(@opentelemetry/api@1.9.0))(openai@4.82.0(encoding@0.1.13)(ws@8.18.3(bufferutil@4.0.9)(utf-8-validate@6.0.5))(zod@3.25.76)))':
      '@langchain/core': 0.3.37(@opentelemetry/api@1.9.0)(@opentelemetry/exporter-trace-otlp-proto@0.54.2(@opentelemetry/api@1.9.0))(@opentelemetry/sdk-trace-base@1.30.1(@opentelemetry/api@1.9.0))(openai@4.82.0(encoding@0.1.13)(ws@8.18.3(bufferutil@4.0.9)(utf-8-validate@6.0.5))(zod@3.25.76))
      zod: 3.25.76
      zod-to-json-schema: 3.24.6(zod@3.25.76)
  '@langchain/baidu-qianfan@0.1.0(@babel/core@7.27.7)(@langchain/core@0.3.37(@opentelemetry/api@1.9.0)(@opentelemetry/exporter-trace-otlp-proto@0.54.2(@opentelemetry/api@1.9.0))(@opentelemetry/sdk-trace-base@1.30.1(@opentelemetry/api@1.9.0))(openai@4.82.0(encoding@0.1.13)(ws@8.18.3(bufferutil@4.0.9)(utf-8-validate@6.0.5))(zod@3.25.76)))(encoding@0.1.13)(ws@8.18.3(bufferutil@4.0.9)(utf-8-validate@6.0.5))':
      '@langchain/core': 0.3.37(@opentelemetry/api@1.9.0)(@opentelemetry/exporter-trace-otlp-proto@0.54.2(@opentelemetry/api@1.9.0))(@opentelemetry/sdk-trace-base@1.30.1(@opentelemetry/api@1.9.0))(openai@4.82.0(encoding@0.1.13)(ws@8.18.3(bufferutil@4.0.9)(utf-8-validate@6.0.5))(zod@3.25.76))
      '@langchain/openai': 0.4.4(@langchain/core@0.3.37(@opentelemetry/api@1.9.0)(@opentelemetry/exporter-trace-otlp-proto@0.54.2(@opentelemetry/api@1.9.0))(@opentelemetry/sdk-trace-base@1.30.1(@opentelemetry/api@1.9.0))(openai@4.82.0(encoding@0.1.13)(ws@8.18.3(bufferutil@4.0.9)(utf-8-validate@6.0.5))(zod@3.25.76)))(encoding@0.1.13)(ws@8.18.3(bufferutil@4.0.9)(utf-8-validate@6.0.5))
      zod: 3.25.76
      zod-to-json-schema: 3.24.6(zod@3.25.76)
  '@langchain/cohere@0.0.7(@opentelemetry/api@1.9.0)(@opentelemetry/exporter-trace-otlp-proto@0.54.2(@opentelemetry/api@1.9.0))(@opentelemetry/sdk-trace-base@1.30.1(@opentelemetry/api@1.9.0))(encoding@0.1.13)(openai@4.82.0(encoding@0.1.13)(ws@8.18.3(bufferutil@4.0.9)(utf-8-validate@6.0.5))(zod@3.25.76))':
      '@langchain/core': 0.3.37(@opentelemetry/api@1.9.0)(@opentelemetry/exporter-trace-otlp-proto@0.54.2(@opentelemetry/api@1.9.0))(@opentelemetry/sdk-trace-base@1.30.1(@opentelemetry/api@1.9.0))(openai@4.82.0(encoding@0.1.13)(ws@8.18.3(bufferutil@4.0.9)(utf-8-validate@6.0.5))(zod@3.25.76))
  '@langchain/community@0.3.47(cffc67bd60c05f33a64ed0668399dbe0)':
      '@browserbasehq/stagehand': 1.14.0(@playwright/test@1.53.2)(bufferutil@4.0.9)(deepmerge@4.3.1)(dotenv@16.6.1)(encoding@0.1.13)(openai@4.82.0(encoding@0.1.13)(ws@8.18.3(bufferutil@4.0.9)(utf-8-validate@6.0.5))(zod@3.25.76))(utf-8-validate@6.0.5)(zod@3.25.76)
      '@langchain/core': 0.3.37(@opentelemetry/api@1.9.0)(@opentelemetry/exporter-trace-otlp-proto@0.54.2(@opentelemetry/api@1.9.0))(@opentelemetry/sdk-trace-base@1.30.1(@opentelemetry/api@1.9.0))(openai@4.82.0(encoding@0.1.13)(ws@8.18.3(bufferutil@4.0.9)(utf-8-validate@6.0.5))(zod@3.25.76))
      '@langchain/openai': 0.4.4(@langchain/core@0.3.37(@opentelemetry/api@1.9.0)(@opentelemetry/exporter-trace-otlp-proto@0.54.2(@opentelemetry/api@1.9.0))(@opentelemetry/sdk-trace-base@1.30.1(@opentelemetry/api@1.9.0))(openai@4.82.0(encoding@0.1.13)(ws@8.18.3(bufferutil@4.0.9)(utf-8-validate@6.0.5))(zod@3.25.76)))(encoding@0.1.13)(ws@8.18.3(bufferutil@4.0.9)(utf-8-validate@6.0.5))
      '@langchain/weaviate': 0.2.0(@langchain/core@0.3.37(@opentelemetry/api@1.9.0)(@opentelemetry/exporter-trace-otlp-proto@0.54.2(@opentelemetry/api@1.9.0))(@opentelemetry/sdk-trace-base@1.30.1(@opentelemetry/api@1.9.0))(openai@4.82.0(encoding@0.1.13)(ws@8.18.3(bufferutil@4.0.9)(utf-8-validate@6.0.5))(zod@3.25.76)))(encoding@0.1.13)
      langchain: 0.3.29(58851d82f714b18fcf14d26165c2c82a)
      langsmith: 0.3.36(@opentelemetry/api@1.9.0)(@opentelemetry/exporter-trace-otlp-proto@0.54.2(@opentelemetry/api@1.9.0))(@opentelemetry/sdk-trace-base@1.30.1(@opentelemetry/api@1.9.0))(openai@4.82.0(encoding@0.1.13)(ws@8.18.3(bufferutil@4.0.9)(utf-8-validate@6.0.5))(zod@3.25.76))
      openai: 4.82.0(encoding@0.1.13)(ws@8.18.3(bufferutil@4.0.9)(utf-8-validate@6.0.5))(zod@3.25.76)
      zod: 3.25.76
      '@getzep/zep-cloud': 1.0.12(@langchain/core@0.3.37(@opentelemetry/api@1.9.0)(@opentelemetry/exporter-trace-otlp-proto@0.54.2(@opentelemetry/api@1.9.0))(@opentelemetry/sdk-trace-base@1.30.1(@opentelemetry/api@1.9.0))(openai@4.82.0(encoding@0.1.13)(ws@8.18.3(bufferutil@4.0.9)(utf-8-validate@6.0.5))(zod@3.25.76)))(encoding@0.1.13)(langchain@0.3.29(58851d82f714b18fcf14d26165c2c82a))
      chromadb: 1.10.5(@google/generative-ai@0.24.1)(cohere-ai@7.10.0(encoding@0.1.13))(encoding@0.1.13)(ollama@0.5.16)(openai@4.82.0(encoding@0.1.13)(ws@8.18.3(bufferutil@4.0.9)(utf-8-validate@6.0.5))(zod@3.25.76))
      ioredis: 5.7.0
      lunary: 0.7.15(openai@4.82.0(encoding@0.1.13)(ws@8.18.3(bufferutil@4.0.9)(utf-8-validate@6.0.5))(zod@3.25.76))(react@18.3.1)
      mem0ai: 2.1.33(@anthropic-ai/sdk@0.37.0(encoding@0.1.13))(@cloudflare/workers-types@4.20250701.0)(@google/genai@1.7.0(@modelcontextprotocol/sdk@1.13.3)(bufferutil@4.0.9)(encoding@0.1.13)(utf-8-validate@6.0.5))(@langchain/core@0.3.37(@opentelemetry/api@1.9.0)(@opentelemetry/exporter-trace-otlp-proto@0.54.2(@opentelemetry/api@1.9.0))(@opentelemetry/sdk-trace-base@1.30.1(@opentelemetry/api@1.9.0))(openai@4.82.0(encoding@0.1.13)(ws@8.18.3(bufferutil@4.0.9)(utf-8-validate@6.0.5))(zod@3.25.76)))(@mistralai/mistralai@0.1.3(encoding@0.1.13))(@qdrant/js-client-rest@1.14.1(typescript@5.8.3))(@supabase/supabase-js@2.50.2(bufferutil@4.0.9)(utf-8-validate@6.0.5))(@types/jest@30.0.0)(@types/pg@8.15.4)(@types/sqlite3@3.1.11)(cloudflare@4.4.1(encoding@0.1.13))(encoding@0.1.13)(groq-sdk@0.5.0(encoding@0.1.13))(neo4j-driver@5.28.1)(ollama@0.5.16)(pg@8.11.1)(redis@4.7.1)(sqlite3@5.1.6(encoding@0.1.13))(ws@8.18.3(bufferutil@4.0.9)(utf-8-validate@6.0.5))
      typeorm: 0.3.6(ioredis@5.7.0)(mongodb@6.3.0(socks@2.8.5))(mysql2@3.11.3)(pg@8.11.1)(redis@4.7.1)(sqlite3@5.1.6(encoding@0.1.13))(ts-node@10.9.2(@swc/core@1.12.9(@swc/helpers@0.5.17))(@types/node@20.12.12)(typescript@5.8.3))
  '@langchain/core@0.3.37(@opentelemetry/api@1.9.0)(@opentelemetry/exporter-trace-otlp-proto@0.54.2(@opentelemetry/api@1.9.0))(@opentelemetry/sdk-trace-base@1.30.1(@opentelemetry/api@1.9.0))(openai@4.82.0(encoding@0.1.13)(ws@8.18.3(bufferutil@4.0.9)(utf-8-validate@6.0.5))(zod@3.25.76))':
      langsmith: 0.3.36(@opentelemetry/api@1.9.0)(@opentelemetry/exporter-trace-otlp-proto@0.54.2(@opentelemetry/api@1.9.0))(@opentelemetry/sdk-trace-base@1.30.1(@opentelemetry/api@1.9.0))(openai@4.82.0(encoding@0.1.13)(ws@8.18.3(bufferutil@4.0.9)(utf-8-validate@6.0.5))(zod@3.25.76))
      zod: 3.25.76
      zod-to-json-schema: 3.24.6(zod@3.25.76)
  '@langchain/exa@0.0.5(@opentelemetry/api@1.9.0)(@opentelemetry/exporter-trace-otlp-proto@0.54.2(@opentelemetry/api@1.9.0))(@opentelemetry/sdk-trace-base@1.30.1(@opentelemetry/api@1.9.0))(encoding@0.1.13)(openai@4.82.0(encoding@0.1.13)(ws@8.18.3(bufferutil@4.0.9)(utf-8-validate@6.0.5))(zod@3.25.76))(ws@8.18.3(bufferutil@4.0.9)(utf-8-validate@6.0.5))(zod@3.25.76)':
      '@langchain/core': 0.3.37(@opentelemetry/api@1.9.0)(@opentelemetry/exporter-trace-otlp-proto@0.54.2(@opentelemetry/api@1.9.0))(@opentelemetry/sdk-trace-base@1.30.1(@opentelemetry/api@1.9.0))(openai@4.82.0(encoding@0.1.13)(ws@8.18.3(bufferutil@4.0.9)(utf-8-validate@6.0.5))(zod@3.25.76))
      exa-js: 1.8.18(encoding@0.1.13)(ws@8.18.3(bufferutil@4.0.9)(utf-8-validate@6.0.5))(zod@3.25.76)
  '@langchain/google-common@0.2.14(@langchain/core@0.3.37(@opentelemetry/api@1.9.0)(@opentelemetry/exporter-trace-otlp-proto@0.54.2(@opentelemetry/api@1.9.0))(@opentelemetry/sdk-trace-base@1.30.1(@opentelemetry/api@1.9.0))(openai@4.82.0(encoding@0.1.13)(ws@8.18.3(bufferutil@4.0.9)(utf-8-validate@6.0.5))(zod@3.25.76)))':
      '@langchain/core': 0.3.37(@opentelemetry/api@1.9.0)(@opentelemetry/exporter-trace-otlp-proto@0.54.2(@opentelemetry/api@1.9.0))(@opentelemetry/sdk-trace-base@1.30.1(@opentelemetry/api@1.9.0))(openai@4.82.0(encoding@0.1.13)(ws@8.18.3(bufferutil@4.0.9)(utf-8-validate@6.0.5))(zod@3.25.76))
  '@langchain/google-gauth@0.2.14(@langchain/core@0.3.37(@opentelemetry/api@1.9.0)(@opentelemetry/exporter-trace-otlp-proto@0.54.2(@opentelemetry/api@1.9.0))(@opentelemetry/sdk-trace-base@1.30.1(@opentelemetry/api@1.9.0))(openai@4.82.0(encoding@0.1.13)(ws@8.18.3(bufferutil@4.0.9)(utf-8-validate@6.0.5))(zod@3.25.76)))':
      '@langchain/core': 0.3.37(@opentelemetry/api@1.9.0)(@opentelemetry/exporter-trace-otlp-proto@0.54.2(@opentelemetry/api@1.9.0))(@opentelemetry/sdk-trace-base@1.30.1(@opentelemetry/api@1.9.0))(openai@4.82.0(encoding@0.1.13)(ws@8.18.3(bufferutil@4.0.9)(utf-8-validate@6.0.5))(zod@3.25.76))
      '@langchain/google-common': 0.2.14(@langchain/core@0.3.37(@opentelemetry/api@1.9.0)(@opentelemetry/exporter-trace-otlp-proto@0.54.2(@opentelemetry/api@1.9.0))(@opentelemetry/sdk-trace-base@1.30.1(@opentelemetry/api@1.9.0))(openai@4.82.0(encoding@0.1.13)(ws@8.18.3(bufferutil@4.0.9)(utf-8-validate@6.0.5))(zod@3.25.76)))
  '@langchain/google-genai@0.2.3(@langchain/core@0.3.37(@opentelemetry/api@1.9.0)(@opentelemetry/exporter-trace-otlp-proto@0.54.2(@opentelemetry/api@1.9.0))(@opentelemetry/sdk-trace-base@1.30.1(@opentelemetry/api@1.9.0))(openai@4.82.0(encoding@0.1.13)(ws@8.18.3(bufferutil@4.0.9)(utf-8-validate@6.0.5))(zod@3.25.76)))(zod@3.25.76)':
      '@langchain/core': 0.3.37(@opentelemetry/api@1.9.0)(@opentelemetry/exporter-trace-otlp-proto@0.54.2(@opentelemetry/api@1.9.0))(@opentelemetry/sdk-trace-base@1.30.1(@opentelemetry/api@1.9.0))(openai@4.82.0(encoding@0.1.13)(ws@8.18.3(bufferutil@4.0.9)(utf-8-validate@6.0.5))(zod@3.25.76))
      zod-to-json-schema: 3.24.6(zod@3.25.76)
  '@langchain/google-vertexai@0.2.14(@langchain/core@0.3.37(@opentelemetry/api@1.9.0)(@opentelemetry/exporter-trace-otlp-proto@0.54.2(@opentelemetry/api@1.9.0))(@opentelemetry/sdk-trace-base@1.30.1(@opentelemetry/api@1.9.0))(openai@4.82.0(encoding@0.1.13)(ws@8.18.3(bufferutil@4.0.9)(utf-8-validate@6.0.5))(zod@3.25.76)))':
      '@langchain/core': 0.3.37(@opentelemetry/api@1.9.0)(@opentelemetry/exporter-trace-otlp-proto@0.54.2(@opentelemetry/api@1.9.0))(@opentelemetry/sdk-trace-base@1.30.1(@opentelemetry/api@1.9.0))(openai@4.82.0(encoding@0.1.13)(ws@8.18.3(bufferutil@4.0.9)(utf-8-validate@6.0.5))(zod@3.25.76))
      '@langchain/google-gauth': 0.2.14(@langchain/core@0.3.37(@opentelemetry/api@1.9.0)(@opentelemetry/exporter-trace-otlp-proto@0.54.2(@opentelemetry/api@1.9.0))(@opentelemetry/sdk-trace-base@1.30.1(@opentelemetry/api@1.9.0))(openai@4.82.0(encoding@0.1.13)(ws@8.18.3(bufferutil@4.0.9)(utf-8-validate@6.0.5))(zod@3.25.76)))
  '@langchain/groq@0.1.2(@langchain/core@0.3.37(@opentelemetry/api@1.9.0)(@opentelemetry/exporter-trace-otlp-proto@0.54.2(@opentelemetry/api@1.9.0))(@opentelemetry/sdk-trace-base@1.30.1(@opentelemetry/api@1.9.0))(openai@4.82.0(encoding@0.1.13)(ws@8.18.3(bufferutil@4.0.9)(utf-8-validate@6.0.5))(zod@3.25.76)))(encoding@0.1.13)(ws@8.18.3(bufferutil@4.0.9)(utf-8-validate@6.0.5))':
      '@langchain/core': 0.3.37(@opentelemetry/api@1.9.0)(@opentelemetry/exporter-trace-otlp-proto@0.54.2(@opentelemetry/api@1.9.0))(@opentelemetry/sdk-trace-base@1.30.1(@opentelemetry/api@1.9.0))(openai@4.82.0(encoding@0.1.13)(ws@8.18.3(bufferutil@4.0.9)(utf-8-validate@6.0.5))(zod@3.25.76))
      '@langchain/openai': 0.4.4(@langchain/core@0.3.37(@opentelemetry/api@1.9.0)(@opentelemetry/exporter-trace-otlp-proto@0.54.2(@opentelemetry/api@1.9.0))(@opentelemetry/sdk-trace-base@1.30.1(@opentelemetry/api@1.9.0))(openai@4.82.0(encoding@0.1.13)(ws@8.18.3(bufferutil@4.0.9)(utf-8-validate@6.0.5))(zod@3.25.76)))(encoding@0.1.13)(ws@8.18.3(bufferutil@4.0.9)(utf-8-validate@6.0.5))
      zod: 3.25.76
      zod-to-json-schema: 3.24.6(zod@3.25.76)
  '@langchain/langgraph@0.0.22(@opentelemetry/api@1.9.0)(@opentelemetry/exporter-trace-otlp-proto@0.54.2(@opentelemetry/api@1.9.0))(@opentelemetry/sdk-trace-base@1.30.1(@opentelemetry/api@1.9.0))(openai@4.82.0(encoding@0.1.13)(ws@8.18.3(bufferutil@4.0.9)(utf-8-validate@6.0.5))(zod@3.25.76))':
      '@langchain/core': 0.3.37(@opentelemetry/api@1.9.0)(@opentelemetry/exporter-trace-otlp-proto@0.54.2(@opentelemetry/api@1.9.0))(@opentelemetry/sdk-trace-base@1.30.1(@opentelemetry/api@1.9.0))(openai@4.82.0(encoding@0.1.13)(ws@8.18.3(bufferutil@4.0.9)(utf-8-validate@6.0.5))(zod@3.25.76))
  '@langchain/mistralai@0.2.1(@langchain/core@0.3.37(@opentelemetry/api@1.9.0)(@opentelemetry/exporter-trace-otlp-proto@0.54.2(@opentelemetry/api@1.9.0))(@opentelemetry/sdk-trace-base@1.30.1(@opentelemetry/api@1.9.0))(openai@4.82.0(encoding@0.1.13)(ws@8.18.3(bufferutil@4.0.9)(utf-8-validate@6.0.5))(zod@3.25.76)))(zod@3.25.76)':
      '@langchain/core': 0.3.37(@opentelemetry/api@1.9.0)(@opentelemetry/exporter-trace-otlp-proto@0.54.2(@opentelemetry/api@1.9.0))(@opentelemetry/sdk-trace-base@1.30.1(@opentelemetry/api@1.9.0))(openai@4.82.0(encoding@0.1.13)(ws@8.18.3(bufferutil@4.0.9)(utf-8-validate@6.0.5))(zod@3.25.76))
      '@mistralai/mistralai': 1.7.2(zod@3.25.76)
  '@langchain/mongodb@0.0.1(@opentelemetry/api@1.9.0)(@opentelemetry/exporter-trace-otlp-proto@0.54.2(@opentelemetry/api@1.9.0))(@opentelemetry/sdk-trace-base@1.30.1(@opentelemetry/api@1.9.0))(openai@4.82.0(encoding@0.1.13)(ws@8.18.3(bufferutil@4.0.9)(utf-8-validate@6.0.5))(zod@3.25.76))(socks@2.8.5)':
      '@langchain/core': 0.3.37(@opentelemetry/api@1.9.0)(@opentelemetry/exporter-trace-otlp-proto@0.54.2(@opentelemetry/api@1.9.0))(@opentelemetry/sdk-trace-base@1.30.1(@opentelemetry/api@1.9.0))(openai@4.82.0(encoding@0.1.13)(ws@8.18.3(bufferutil@4.0.9)(utf-8-validate@6.0.5))(zod@3.25.76))
  '@langchain/ollama@0.2.0(@langchain/core@0.3.37(@opentelemetry/api@1.9.0)(@opentelemetry/exporter-trace-otlp-proto@0.54.2(@opentelemetry/api@1.9.0))(@opentelemetry/sdk-trace-base@1.30.1(@opentelemetry/api@1.9.0))(openai@4.82.0(encoding@0.1.13)(ws@8.18.3(bufferutil@4.0.9)(utf-8-validate@6.0.5))(zod@3.25.76)))':
      '@langchain/core': 0.3.37(@opentelemetry/api@1.9.0)(@opentelemetry/exporter-trace-otlp-proto@0.54.2(@opentelemetry/api@1.9.0))(@opentelemetry/sdk-trace-base@1.30.1(@opentelemetry/api@1.9.0))(openai@4.82.0(encoding@0.1.13)(ws@8.18.3(bufferutil@4.0.9)(utf-8-validate@6.0.5))(zod@3.25.76))
      zod: 3.25.76
      zod-to-json-schema: 3.24.6(zod@3.25.76)
  '@langchain/openai@0.4.4(@langchain/core@0.3.37(@opentelemetry/api@1.9.0)(@opentelemetry/exporter-trace-otlp-proto@0.54.2(@opentelemetry/api@1.9.0))(@opentelemetry/sdk-trace-base@1.30.1(@opentelemetry/api@1.9.0))(openai@4.82.0(encoding@0.1.13)(ws@8.18.3(bufferutil@4.0.9)(utf-8-validate@6.0.5))(zod@3.25.76)))(encoding@0.1.13)(ws@8.18.3(bufferutil@4.0.9)(utf-8-validate@6.0.5))':
      '@langchain/core': 0.3.37(@opentelemetry/api@1.9.0)(@opentelemetry/exporter-trace-otlp-proto@0.54.2(@opentelemetry/api@1.9.0))(@opentelemetry/sdk-trace-base@1.30.1(@opentelemetry/api@1.9.0))(openai@4.82.0(encoding@0.1.13)(ws@8.18.3(bufferutil@4.0.9)(utf-8-validate@6.0.5))(zod@3.25.76))
      openai: 4.82.0(encoding@0.1.13)(ws@8.18.3(bufferutil@4.0.9)(utf-8-validate@6.0.5))(zod@3.25.76)
      zod: 3.25.76
      zod-to-json-schema: 3.24.6(zod@3.25.76)
  '@langchain/pinecone@0.1.3(@langchain/core@0.3.37(@opentelemetry/api@1.9.0)(@opentelemetry/exporter-trace-otlp-proto@0.54.2(@opentelemetry/api@1.9.0))(@opentelemetry/sdk-trace-base@1.30.1(@opentelemetry/api@1.9.0))(openai@4.82.0(encoding@0.1.13)(ws@8.18.3(bufferutil@4.0.9)(utf-8-validate@6.0.5))(zod@3.25.76)))':
      '@langchain/core': 0.3.37(@opentelemetry/api@1.9.0)(@opentelemetry/exporter-trace-otlp-proto@0.54.2(@opentelemetry/api@1.9.0))(@opentelemetry/sdk-trace-base@1.30.1(@opentelemetry/api@1.9.0))(openai@4.82.0(encoding@0.1.13)(ws@8.18.3(bufferutil@4.0.9)(utf-8-validate@6.0.5))(zod@3.25.76))
  '@langchain/qdrant@0.0.5(@opentelemetry/api@1.9.0)(@opentelemetry/exporter-trace-otlp-proto@0.54.2(@opentelemetry/api@1.9.0))(@opentelemetry/sdk-trace-base@1.30.1(@opentelemetry/api@1.9.0))(openai@4.82.0(encoding@0.1.13)(ws@8.18.3(bufferutil@4.0.9)(utf-8-validate@6.0.5))(zod@3.25.76))(typescript@5.8.3)':
      '@langchain/core': 0.3.37(@opentelemetry/api@1.9.0)(@opentelemetry/exporter-trace-otlp-proto@0.54.2(@opentelemetry/api@1.9.0))(@opentelemetry/sdk-trace-base@1.30.1(@opentelemetry/api@1.9.0))(openai@4.82.0(encoding@0.1.13)(ws@8.18.3(bufferutil@4.0.9)(utf-8-validate@6.0.5))(zod@3.25.76))
  '@langchain/textsplitters@0.1.0(@langchain/core@0.3.37(@opentelemetry/api@1.9.0)(@opentelemetry/exporter-trace-otlp-proto@0.54.2(@opentelemetry/api@1.9.0))(@opentelemetry/sdk-trace-base@1.30.1(@opentelemetry/api@1.9.0))(openai@4.82.0(encoding@0.1.13)(ws@8.18.3(bufferutil@4.0.9)(utf-8-validate@6.0.5))(zod@3.25.76)))':
      '@langchain/core': 0.3.37(@opentelemetry/api@1.9.0)(@opentelemetry/exporter-trace-otlp-proto@0.54.2(@opentelemetry/api@1.9.0))(@opentelemetry/sdk-trace-base@1.30.1(@opentelemetry/api@1.9.0))(openai@4.82.0(encoding@0.1.13)(ws@8.18.3(bufferutil@4.0.9)(utf-8-validate@6.0.5))(zod@3.25.76))
  '@langchain/weaviate@0.0.1(@opentelemetry/api@1.9.0)(@opentelemetry/exporter-trace-otlp-proto@0.54.2(@opentelemetry/api@1.9.0))(@opentelemetry/sdk-trace-base@1.30.1(@opentelemetry/api@1.9.0))(encoding@0.1.13)(graphql@16.11.0)(openai@4.82.0(encoding@0.1.13)(ws@8.18.3(bufferutil@4.0.9)(utf-8-validate@6.0.5))(zod@3.25.76))':
      '@langchain/core': 0.3.37(@opentelemetry/api@1.9.0)(@opentelemetry/exporter-trace-otlp-proto@0.54.2(@opentelemetry/api@1.9.0))(@opentelemetry/sdk-trace-base@1.30.1(@opentelemetry/api@1.9.0))(openai@4.82.0(encoding@0.1.13)(ws@8.18.3(bufferutil@4.0.9)(utf-8-validate@6.0.5))(zod@3.25.76))
  '@langchain/weaviate@0.2.0(@langchain/core@0.3.37(@opentelemetry/api@1.9.0)(@opentelemetry/exporter-trace-otlp-proto@0.54.2(@opentelemetry/api@1.9.0))(@opentelemetry/sdk-trace-base@1.30.1(@opentelemetry/api@1.9.0))(openai@4.82.0(encoding@0.1.13)(ws@8.18.3(bufferutil@4.0.9)(utf-8-validate@6.0.5))(zod@3.25.76)))(encoding@0.1.13)':
      '@langchain/core': 0.3.37(@opentelemetry/api@1.9.0)(@opentelemetry/exporter-trace-otlp-proto@0.54.2(@opentelemetry/api@1.9.0))(@opentelemetry/sdk-trace-base@1.30.1(@opentelemetry/api@1.9.0))(openai@4.82.0(encoding@0.1.13)(ws@8.18.3(bufferutil@4.0.9)(utf-8-validate@6.0.5))(zod@3.25.76))
  '@langchain/xai@0.0.1(@langchain/core@0.3.37(@opentelemetry/api@1.9.0)(@opentelemetry/exporter-trace-otlp-proto@0.54.2(@opentelemetry/api@1.9.0))(@opentelemetry/sdk-trace-base@1.30.1(@opentelemetry/api@1.9.0))(openai@4.82.0(encoding@0.1.13)(ws@8.18.3(bufferutil@4.0.9)(utf-8-validate@6.0.5))(zod@3.25.76)))(encoding@0.1.13)(ws@8.18.3(bufferutil@4.0.9)(utf-8-validate@6.0.5))':
      '@langchain/core': 0.3.37(@opentelemetry/api@1.9.0)(@opentelemetry/exporter-trace-otlp-proto@0.54.2(@opentelemetry/api@1.9.0))(@opentelemetry/sdk-trace-base@1.30.1(@opentelemetry/api@1.9.0))(openai@4.82.0(encoding@0.1.13)(ws@8.18.3(bufferutil@4.0.9)(utf-8-validate@6.0.5))(zod@3.25.76))
      '@langchain/openai': 0.4.4(@langchain/core@0.3.37(@opentelemetry/api@1.9.0)(@opentelemetry/exporter-trace-otlp-proto@0.54.2(@opentelemetry/api@1.9.0))(@opentelemetry/sdk-trace-base@1.30.1(@opentelemetry/api@1.9.0))(openai@4.82.0(encoding@0.1.13)(ws@8.18.3(bufferutil@4.0.9)(utf-8-validate@6.0.5))(zod@3.25.76)))(encoding@0.1.13)(ws@8.18.3(bufferutil@4.0.9)(utf-8-validate@6.0.5))
      form-data: 4.0.4
  '@mem0/community@0.0.1(81229136404fbb64b50e77c61e9f49e6)':
      '@langchain/community': 0.3.47(cffc67bd60c05f33a64ed0668399dbe0)
      '@langchain/core': 0.3.37(@opentelemetry/api@1.9.0)(@opentelemetry/exporter-trace-otlp-proto@0.54.2(@opentelemetry/api@1.9.0))(@opentelemetry/sdk-trace-base@1.30.1(@opentelemetry/api@1.9.0))(openai@4.82.0(encoding@0.1.13)(ws@8.18.3(bufferutil@4.0.9)(utf-8-validate@6.0.5))(zod@3.25.76))
      mem0ai: 2.1.33(@anthropic-ai/sdk@0.37.0(encoding@0.1.13))(@cloudflare/workers-types@4.20250701.0)(@google/genai@1.7.0(@modelcontextprotocol/sdk@1.13.3)(bufferutil@4.0.9)(encoding@0.1.13)(utf-8-validate@6.0.5))(@langchain/core@0.3.37(@opentelemetry/api@1.9.0)(@opentelemetry/exporter-trace-otlp-proto@0.54.2(@opentelemetry/api@1.9.0))(@opentelemetry/sdk-trace-base@1.30.1(@opentelemetry/api@1.9.0))(openai@4.82.0(encoding@0.1.13)(ws@8.18.3(bufferutil@4.0.9)(utf-8-validate@6.0.5))(zod@3.25.76)))(@mistralai/mistralai@0.1.3(encoding@0.1.13))(@qdrant/js-client-rest@1.14.1(typescript@5.8.3))(@supabase/supabase-js@2.50.2(bufferutil@4.0.9)(utf-8-validate@6.0.5))(@types/jest@30.0.0)(@types/pg@8.15.4)(@types/sqlite3@3.1.11)(cloudflare@4.4.1(encoding@0.1.13))(encoding@0.1.13)(groq-sdk@0.5.0(encoding@0.1.13))(neo4j-driver@5.28.1)(ollama@0.5.16)(pg@8.11.1)(redis@4.7.1)(sqlite3@5.1.6(encoding@0.1.13))(ws@8.18.3(bufferutil@4.0.9)(utf-8-validate@6.0.5))
      zod: 3.25.76
      zod: 3.25.76
      zod-to-json-schema: 3.24.6(zod@3.25.76)
  '@mistralai/mistralai@1.7.2(zod@3.25.76)':
      zod: 3.25.76
      zod-to-json-schema: 3.24.6(zod@3.25.76)
      zod: 3.25.76
      zod: 3.25.76
      zod: 3.25.76
      zod-to-json-schema: 3.24.6(zod@3.25.76)
      zod: 3.25.76
      zod-to-json-schema: 3.24.6(zod@3.25.76)
  '@stripe/agent-toolkit@0.1.21(@langchain/core@0.3.37(@opentelemetry/api@1.9.0)(@opentelemetry/exporter-trace-otlp-proto@0.54.2(@opentelemetry/api@1.9.0))(@opentelemetry/sdk-trace-base@1.30.1(@opentelemetry/api@1.9.0))(openai@4.82.0(encoding@0.1.13)(ws@8.18.3(bufferutil@4.0.9)(utf-8-validate@6.0.5))(zod@3.25.76)))(ai@4.3.16(react@18.3.1)(zod@3.25.76))':
      '@langchain/core': 0.3.37(@opentelemetry/api@1.9.0)(@opentelemetry/exporter-trace-otlp-proto@0.54.2(@opentelemetry/api@1.9.0))(@opentelemetry/sdk-trace-base@1.30.1(@opentelemetry/api@1.9.0))(openai@4.82.0(encoding@0.1.13)(ws@8.18.3(bufferutil@4.0.9)(utf-8-validate@6.0.5))(zod@3.25.76))
      ai: 4.3.16(react@18.3.1)(zod@3.25.76)
      zod: 3.25.76
      form-data: 4.0.4
  '@uiw/codemirror-extensions-basic-setup@4.23.14(@codemirror/autocomplete@6.18.6)(@codemirror/commands@6.8.1)(@codemirror/language@6.11.2)(@codemirror/lint@6.8.5)(@codemirror/search@6.5.11)(@codemirror/state@6.5.2)(@codemirror/view@6.38.1)':
      '@codemirror/view': 6.38.1
  '@uiw/codemirror-theme-sublime@4.23.14(@codemirror/language@6.11.2)(@codemirror/state@6.5.2)(@codemirror/view@6.38.1)':
      '@uiw/codemirror-themes': 4.23.14(@codemirror/language@6.11.2)(@codemirror/state@6.5.2)(@codemirror/view@6.38.1)
  '@uiw/codemirror-theme-vscode@4.23.14(@codemirror/language@6.11.2)(@codemirror/state@6.5.2)(@codemirror/view@6.38.1)':
      '@uiw/codemirror-themes': 4.23.14(@codemirror/language@6.11.2)(@codemirror/state@6.5.2)(@codemirror/view@6.38.1)
  '@uiw/codemirror-themes@4.23.14(@codemirror/language@6.11.2)(@codemirror/state@6.5.2)(@codemirror/view@6.38.1)':
      '@codemirror/view': 6.38.1
  '@uiw/react-codemirror@4.23.14(@babel/runtime@7.27.6)(@codemirror/autocomplete@6.18.6)(@codemirror/language@6.11.2)(@codemirror/lint@6.8.5)(@codemirror/search@6.5.11)(@codemirror/state@6.5.2)(@codemirror/theme-one-dark@6.1.3)(@codemirror/view@6.38.1)(codemirror@6.0.2)(react-dom@18.3.1(react@18.3.1))(react@18.3.1)':
      '@codemirror/view': 6.38.1
      '@uiw/codemirror-extensions-basic-setup': 4.23.14(@codemirror/autocomplete@6.18.6)(@codemirror/commands@6.8.1)(@codemirror/language@6.11.2)(@codemirror/lint@6.8.5)(@codemirror/search@6.5.11)(@codemirror/state@6.5.2)(@codemirror/view@6.38.1)
  ai@4.3.16(react@18.3.1)(zod@3.25.76):
      '@ai-sdk/provider-utils': 2.2.8(zod@3.25.76)
      '@ai-sdk/react': 1.2.12(react@18.3.1)(zod@3.25.76)
      '@ai-sdk/ui-utils': 1.2.11(zod@3.25.76)
      zod: 3.25.76
      form-data: 4.0.4
      ieee754: 1.2.1
      ioredis: 5.7.0
  chromadb@1.10.5(@google/generative-ai@0.24.1)(cohere-ai@7.10.0(encoding@0.1.13))(encoding@0.1.13)(ollama@0.5.16)(openai@4.82.0(encoding@0.1.13)(ws@8.18.3(bufferutil@4.0.9)(utf-8-validate@6.0.5))(zod@3.25.76)):
      openai: 4.82.0(encoding@0.1.13)(ws@8.18.3(bufferutil@4.0.9)(utf-8-validate@6.0.5))(zod@3.25.76)
  chromadb@1.8.1(@google/generative-ai@0.24.1)(cohere-ai@7.10.0(encoding@0.1.13))(encoding@0.1.13)(openai@4.82.0(encoding@0.1.13)(ws@8.18.3(bufferutil@4.0.9)(utf-8-validate@6.0.5))(zod@3.25.76)):
      openai: 4.82.0(encoding@0.1.13)(ws@8.18.3(bufferutil@4.0.9)(utf-8-validate@6.0.5))(zod@3.25.76)
  exa-js@1.8.18(encoding@0.1.13)(ws@8.18.3(bufferutil@4.0.9)(utf-8-validate@6.0.5))(zod@3.25.76):
      openai: 4.82.0(encoding@0.1.13)(ws@8.18.3(bufferutil@4.0.9)(utf-8-validate@6.0.5))(zod@3.25.76)
      form-data: 4.0.4
      zod: 3.25.76
      form-data: 4.0.4
      form-data: 4.0.4
  langchain@0.3.29(58851d82f714b18fcf14d26165c2c82a):
      '@langchain/core': 0.3.37(@opentelemetry/api@1.9.0)(@opentelemetry/exporter-trace-otlp-proto@0.54.2(@opentelemetry/api@1.9.0))(@opentelemetry/sdk-trace-base@1.30.1(@opentelemetry/api@1.9.0))(openai@4.82.0(encoding@0.1.13)(ws@8.18.3(bufferutil@4.0.9)(utf-8-validate@6.0.5))(zod@3.25.76))
      '@langchain/openai': 0.4.4(@langchain/core@0.3.37(@opentelemetry/api@1.9.0)(@opentelemetry/exporter-trace-otlp-proto@0.54.2(@opentelemetry/api@1.9.0))(@opentelemetry/sdk-trace-base@1.30.1(@opentelemetry/api@1.9.0))(openai@4.82.0(encoding@0.1.13)(ws@8.18.3(bufferutil@4.0.9)(utf-8-validate@6.0.5))(zod@3.25.76)))(encoding@0.1.13)(ws@8.18.3(bufferutil@4.0.9)(utf-8-validate@6.0.5))
      '@langchain/textsplitters': 0.1.0(@langchain/core@0.3.37(@opentelemetry/api@1.9.0)(@opentelemetry/exporter-trace-otlp-proto@0.54.2(@opentelemetry/api@1.9.0))(@opentelemetry/sdk-trace-base@1.30.1(@opentelemetry/api@1.9.0))(openai@4.82.0(encoding@0.1.13)(ws@8.18.3(bufferutil@4.0.9)(utf-8-validate@6.0.5))(zod@3.25.76)))
      langsmith: 0.3.36(@opentelemetry/api@1.9.0)(@opentelemetry/exporter-trace-otlp-proto@0.54.2(@opentelemetry/api@1.9.0))(@opentelemetry/sdk-trace-base@1.30.1(@opentelemetry/api@1.9.0))(openai@4.82.0(encoding@0.1.13)(ws@8.18.3(bufferutil@4.0.9)(utf-8-validate@6.0.5))(zod@3.25.76))
      zod: 3.25.76
      '@langchain/anthropic': 0.3.14(@langchain/core@0.3.37(@opentelemetry/api@1.9.0)(@opentelemetry/exporter-trace-otlp-proto@0.54.2(@opentelemetry/api@1.9.0))(@opentelemetry/sdk-trace-base@1.30.1(@opentelemetry/api@1.9.0))(openai@4.82.0(encoding@0.1.13)(ws@8.18.3(bufferutil@4.0.9)(utf-8-validate@6.0.5))(zod@3.25.76)))(encoding@0.1.13)
      '@langchain/aws': 0.1.4(@langchain/core@0.3.37(@opentelemetry/api@1.9.0)(@opentelemetry/exporter-trace-otlp-proto@0.54.2(@opentelemetry/api@1.9.0))(@opentelemetry/sdk-trace-base@1.30.1(@opentelemetry/api@1.9.0))(openai@4.82.0(encoding@0.1.13)(ws@8.18.3(bufferutil@4.0.9)(utf-8-validate@6.0.5))(zod@3.25.76)))
      '@langchain/cohere': 0.0.7(@opentelemetry/api@1.9.0)(@opentelemetry/exporter-trace-otlp-proto@0.54.2(@opentelemetry/api@1.9.0))(@opentelemetry/sdk-trace-base@1.30.1(@opentelemetry/api@1.9.0))(encoding@0.1.13)(openai@4.82.0(encoding@0.1.13)(ws@8.18.3(bufferutil@4.0.9)(utf-8-validate@6.0.5))(zod@3.25.76))
      '@langchain/google-genai': 0.2.3(@langchain/core@0.3.37(@opentelemetry/api@1.9.0)(@opentelemetry/exporter-trace-otlp-proto@0.54.2(@opentelemetry/api@1.9.0))(@opentelemetry/sdk-trace-base@1.30.1(@opentelemetry/api@1.9.0))(openai@4.82.0(encoding@0.1.13)(ws@8.18.3(bufferutil@4.0.9)(utf-8-validate@6.0.5))(zod@3.25.76)))(zod@3.25.76)
      '@langchain/google-vertexai': 0.2.14(@langchain/core@0.3.37(@opentelemetry/api@1.9.0)(@opentelemetry/exporter-trace-otlp-proto@0.54.2(@opentelemetry/api@1.9.0))(@opentelemetry/sdk-trace-base@1.30.1(@opentelemetry/api@1.9.0))(openai@4.82.0(encoding@0.1.13)(ws@8.18.3(bufferutil@4.0.9)(utf-8-validate@6.0.5))(zod@3.25.76)))
      '@langchain/groq': 0.1.2(@langchain/core@0.3.37(@opentelemetry/api@1.9.0)(@opentelemetry/exporter-trace-otlp-proto@0.54.2(@opentelemetry/api@1.9.0))(@opentelemetry/sdk-trace-base@1.30.1(@opentelemetry/api@1.9.0))(openai@4.82.0(encoding@0.1.13)(ws@8.18.3(bufferutil@4.0.9)(utf-8-validate@6.0.5))(zod@3.25.76)))(encoding@0.1.13)(ws@8.18.3(bufferutil@4.0.9)(utf-8-validate@6.0.5))
      '@langchain/mistralai': 0.2.1(@langchain/core@0.3.37(@opentelemetry/api@1.9.0)(@opentelemetry/exporter-trace-otlp-proto@0.54.2(@opentelemetry/api@1.9.0))(@opentelemetry/sdk-trace-base@1.30.1(@opentelemetry/api@1.9.0))(openai@4.82.0(encoding@0.1.13)(ws@8.18.3(bufferutil@4.0.9)(utf-8-validate@6.0.5))(zod@3.25.76)))(zod@3.25.76)
      '@langchain/ollama': 0.2.0(@langchain/core@0.3.37(@opentelemetry/api@1.9.0)(@opentelemetry/exporter-trace-otlp-proto@0.54.2(@opentelemetry/api@1.9.0))(@opentelemetry/sdk-trace-base@1.30.1(@opentelemetry/api@1.9.0))(openai@4.82.0(encoding@0.1.13)(ws@8.18.3(bufferutil@4.0.9)(utf-8-validate@6.0.5))(zod@3.25.76)))
      '@langchain/xai': 0.0.1(@langchain/core@0.3.37(@opentelemetry/api@1.9.0)(@opentelemetry/exporter-trace-otlp-proto@0.54.2(@opentelemetry/api@1.9.0))(@opentelemetry/sdk-trace-base@1.30.1(@opentelemetry/api@1.9.0))(openai@4.82.0(encoding@0.1.13)(ws@8.18.3(bufferutil@4.0.9)(utf-8-validate@6.0.5))(zod@3.25.76)))(encoding@0.1.13)(ws@8.18.3(bufferutil@4.0.9)(utf-8-validate@6.0.5))
      typeorm: 0.3.6(ioredis@5.7.0)(mongodb@6.3.0(socks@2.8.5))(mysql2@3.11.3)(pg@8.11.1)(redis@4.7.1)(sqlite3@5.1.6(encoding@0.1.13))(ts-node@10.9.2(@swc/core@1.12.9(@swc/helpers@0.5.17))(@types/node@20.12.12)(typescript@5.8.3))
  langfuse-langchain@3.37.6(langchain@0.3.29(58851d82f714b18fcf14d26165c2c82a)):
      langchain: 0.3.29(58851d82f714b18fcf14d26165c2c82a)
  langsmith@0.3.36(@opentelemetry/api@1.9.0)(@opentelemetry/exporter-trace-otlp-proto@0.54.2(@opentelemetry/api@1.9.0))(@opentelemetry/sdk-trace-base@1.30.1(@opentelemetry/api@1.9.0))(openai@4.82.0(encoding@0.1.13)(ws@8.18.3(bufferutil@4.0.9)(utf-8-validate@6.0.5))(zod@3.25.76)):
      openai: 4.82.0(encoding@0.1.13)(ws@8.18.3(bufferutil@4.0.9)(utf-8-validate@6.0.5))(zod@3.25.76)
      '@langchain/core': 0.3.37(@opentelemetry/api@1.9.0)(@opentelemetry/exporter-trace-otlp-proto@0.54.2(@opentelemetry/api@1.9.0))(@opentelemetry/sdk-trace-base@1.30.1(@opentelemetry/api@1.9.0))(openai@4.82.0(encoding@0.1.13)(ws@8.18.3(bufferutil@4.0.9)(utf-8-validate@6.0.5))(zod@3.25.76))
      ai: 4.3.16(react@18.3.1)(zod@3.25.76)
      openai: 4.82.0(encoding@0.1.13)(ws@8.18.3(bufferutil@4.0.9)(utf-8-validate@6.0.5))(zod@3.25.76)
      zod: 3.25.76
      zod-validation-error: 3.5.2(zod@3.25.76)
  llamaindex@0.3.17(@notionhq/client@2.3.0(encoding@0.1.13))(bufferutil@4.0.9)(encoding@0.1.13)(node-fetch@2.7.0(encoding@0.1.13))(socks@2.8.5)(typescript@5.8.3)(utf-8-validate@6.0.5)(ws@8.18.3(bufferutil@4.0.9)(utf-8-validate@6.0.5))(zod@3.25.76):
      chromadb: 1.8.1(@google/generative-ai@0.24.1)(cohere-ai@7.10.0(encoding@0.1.13))(encoding@0.1.13)(openai@4.82.0(encoding@0.1.13)(ws@8.18.3(bufferutil@4.0.9)(utf-8-validate@6.0.5))(zod@3.25.76))
      openai: 4.82.0(encoding@0.1.13)(ws@8.18.3(bufferutil@4.0.9)(utf-8-validate@6.0.5))(zod@3.25.76)
  lunary@0.7.15(openai@4.82.0(encoding@0.1.13)(ws@8.18.3(bufferutil@4.0.9)(utf-8-validate@6.0.5))(zod@3.25.76))(react@18.3.1):
      openai: 4.82.0(encoding@0.1.13)(ws@8.18.3(bufferutil@4.0.9)(utf-8-validate@6.0.5))(zod@3.25.76)
  mem0ai@2.1.33(@anthropic-ai/sdk@0.37.0(encoding@0.1.13))(@cloudflare/workers-types@4.20250701.0)(@google/genai@1.7.0(@modelcontextprotocol/sdk@1.13.3)(bufferutil@4.0.9)(encoding@0.1.13)(utf-8-validate@6.0.5))(@langchain/core@0.3.37(@opentelemetry/api@1.9.0)(@opentelemetry/exporter-trace-otlp-proto@0.54.2(@opentelemetry/api@1.9.0))(@opentelemetry/sdk-trace-base@1.30.1(@opentelemetry/api@1.9.0))(openai@4.82.0(encoding@0.1.13)(ws@8.18.3(bufferutil@4.0.9)(utf-8-validate@6.0.5))(zod@3.25.76)))(@mistralai/mistralai@0.1.3(encoding@0.1.13))(@qdrant/js-client-rest@1.14.1(typescript@5.8.3))(@supabase/supabase-js@2.50.2(bufferutil@4.0.9)(utf-8-validate@6.0.5))(@types/jest@30.0.0)(@types/pg@8.15.4)(@types/sqlite3@3.1.11)(cloudflare@4.4.1(encoding@0.1.13))(encoding@0.1.13)(groq-sdk@0.5.0(encoding@0.1.13))(neo4j-driver@5.28.1)(ollama@0.5.16)(pg@8.11.1)(redis@4.7.1)(sqlite3@5.1.6(encoding@0.1.13))(ws@8.18.3(bufferutil@4.0.9)(utf-8-validate@6.0.5)):
      '@langchain/core': 0.3.37(@opentelemetry/api@1.9.0)(@opentelemetry/exporter-trace-otlp-proto@0.54.2(@opentelemetry/api@1.9.0))(@opentelemetry/sdk-trace-base@1.30.1(@opentelemetry/api@1.9.0))(openai@4.82.0(encoding@0.1.13)(ws@8.18.3(bufferutil@4.0.9)(utf-8-validate@6.0.5))(zod@3.25.76))
      openai: 4.82.0(encoding@0.1.13)(ws@8.18.3(bufferutil@4.0.9)(utf-8-validate@6.0.5))(zod@3.25.76)
      zod: 3.25.76
  typeorm@0.3.6(ioredis@5.7.0)(mongodb@6.3.0(socks@2.8.5))(mysql2@3.11.3)(pg@8.11.1)(redis@4.7.1)(sqlite3@5.1.6(encoding@0.1.13))(ts-node@10.9.2(@swc/core@1.12.9(@swc/helpers@0.5.17))(@types/node@20.12.12)(typescript@5.8.3)):
      ioredis: 5.7.0
  zod-validation-error@3.5.2(zod@3.25.76):
      zod: 3.25.76
