      bs58:
        specifier: ^6.0.0
        version: 6.0.0
      '@universo/publish-srv':
        specifier: workspace:*
        version: link:../../publish-srv/base
        version: 3.0.5
        version: 3.0.5(@types/node@20.12.12)(flowise-embed@3.0.5)(react-dom@18.3.1(react@18.3.1))(react@18.3.1)(sass@1.89.2)(terser@5.43.1)(typescript@5.8.3)
  base-x@5.0.1:
    resolution: {integrity: sha512-M7uio8Zt++eg3jPj+rHMfCC+IuygQHHCOU+IYsVtik6FWjuYpVt/+MRKcgsAMHh8mMFAwnB+Bs+mTrFiXjMzKg==}

  bs58@6.0.0:
    resolution: {integrity: sha512-PD0wEnEYg6ijszw/u8s+iI3H17cTymlrwkKhDhPZq+Sokl3AU4htyBFTjAeNAlCCmg0f53g6ih3jATyCKftTfw==}

  flowise-embed-react@3.0.5:
    resolution: {integrity: sha512-rcSU2JLKPQkx2Vxieh+W2IK1xzf8WiHIPQdcx/kFLef9aljz/ZU0IhUbGOskkzsZDQGy1ng6HqHkvZ/pcYt9mw==}
  flowise-embed@3.0.5:
    resolution: {integrity: sha512-CCZRpZdTeSW2Oagj7LxxK7YZKEbqjylUs2ayCuhB2hNoufkOpEJlyvqdDKcy6FDc+DwKg5aSjSFyTH2AFVh1pQ==}
    deprecated: < 24.15.0 is no longer supported
  base-x@5.0.1: {}

  bs58@6.0.0:
    dependencies:
      base-x: 5.0.1

  flowise-embed-react@3.0.5(@types/node@20.12.12)(flowise-embed@3.0.5)(react-dom@18.3.1(react@18.3.1))(react@18.3.1)(sass@1.89.2)(terser@5.43.1)(typescript@5.8.3):
      flowise-embed: 3.0.5
  flowise-embed@3.0.5:
