  apps/uniks-frt/base:
    dependencies:
      react:
        specifier: ^18.2.0
        version: 18.3.1
      typescript:
        specifier: 5.8.3
        version: 5.8.3
    devDependencies:
      '@types/node':
        specifier: 20.12.12
        version: 20.12.12
      '@types/react':
        specifier: ^18.0.0
        version: 18.3.23
      eslint:
        specifier: ^8.56.0
        version: 8.57.1
      gulp:
        specifier: ^4.0.2
        version: 4.0.2
      rimraf:
        specifier: ^5.0.5
        version: 5.0.10

  apps/uniks-srv/base:
    dependencies:
      '@supabase/supabase-js':
        specifier: ^2.39.0
        version: 2.50.2(bufferutil@4.0.9)(utf-8-validate@6.0.5)
      express:
        specifier: ^4.18.2
        version: 4.21.2
      typeorm:
        specifier: 0.3.6
        version: 0.3.6(ioredis@5.6.1)(mongodb@6.3.0(socks@2.8.5))(mysql2@3.11.3)(pg@8.11.1)(redis@4.7.1)(sqlite3@5.1.6(encoding@0.1.13))(ts-node@10.9.2(@swc/core@1.12.9(@swc/helpers@0.5.17))(@types/node@20.12.12)(typescript@5.8.3))
      typescript:
        specifier: 5.8.3
        version: 5.8.3
    devDependencies:
      '@types/express':
        specifier: ^4.17.21
        version: 4.17.23
      '@types/node':
        specifier: 20.12.12
        version: 20.12.12
      eslint:
        specifier: ^8.56.0
        version: 8.57.1
      rimraf:
        specifier: ^5.0.5
        version: 5.0.10

      '@universo/uniks-srv':
        specifier: workspace:*
        version: link:../../apps/uniks-srv/base
      '@universo/uniks-frt':
        specifier: workspace:*
        version: link:../../apps/uniks-frt/base
